
Microsoft Visual Studio Solution File, Format Version 12.00
# Visual Studio 15
VisualStudioVersion = 15.0.27428.2005
MinimumVisualStudioVersion = 10.0.40219.1
Project("{FAE04EC0-301F-11D3-BF4B-00C04F79EFBC}") = "MountainGoatGang.Repository", "MountainGoatGang_BackEnd_AspDotNet\MountainGoatGang.Repository.csproj", "{FB440CF3-87AA-4938-B617-02760DA70572}"
EndProject
Project("{FAE04EC0-301F-11D3-BF4B-00C04F79EFBC}") = "MountainGoatGang.WebApi", "MountainGoatGang.WebApi\MountainGoatGang.WebApi.csproj", "{1BA47889-D395-4245-9F0E-30DABAC0BD85}"
EndProject
Project("{FAE04EC0-301F-11D3-BF4B-00C04F79EFBC}") = "MountainGoatGang.Tests", "MountainGoatGang.Tests\MountainGoatGang.Tests.csproj", "{3158F6B6-58A4-40E5-BE4D-33B676FBD5A7}"
EndProject
Global
	GlobalSection(SolutionConfigurationPlatforms) = preSolution
		Debug|Any CPU = Debug|Any CPU
		Release|Any CPU = Release|Any CPU
	EndGlobalSection
	GlobalSection(ProjectConfigurationPlatforms) = postSolution
		{FB440CF3-87AA-4938-B617-02760DA70572}.Debug|Any CPU.ActiveCfg = Debug|Any CPU
		{FB440CF3-87AA-4938-B617-02760DA70572}.Debug|Any CPU.Build.0 = Debug|Any CPU
		{FB440CF3-87AA-4938-B617-02760DA70572}.Release|Any CPU.ActiveCfg = Release|Any CPU
		{FB440CF3-87AA-4938-B617-02760DA70572}.Release|Any CPU.Build.0 = Release|Any CPU
		{1BA47889-D395-4245-9F0E-30DABAC0BD85}.Debug|Any CPU.ActiveCfg = Debug|Any CPU
		{1BA47889-D395-4245-9F0E-30DABAC0BD85}.Debug|Any CPU.Build.0 = Debug|Any CPU
		{1BA47889-D395-4245-9F0E-30DABAC0BD85}.Release|Any CPU.ActiveCfg = Release|Any CPU
		{1BA47889-D395-4245-9F0E-30DABAC0BD85}.Release|Any CPU.Build.0 = Release|Any CPU
		{3158F6B6-58A4-40E5-BE4D-33B676FBD5A7}.Debug|Any CPU.ActiveCfg = Debug|Any CPU
		{3158F6B6-58A4-40E5-BE4D-33B676FBD5A7}.Debug|Any CPU.Build.0 = Debug|Any CPU
		{3158F6B6-58A4-40E5-BE4D-33B676FBD5A7}.Release|Any CPU.ActiveCfg = Release|Any CPU
		{3158F6B6-58A4-40E5-BE4D-33B676FBD5A7}.Release|Any CPU.Build.0 = Release|Any CPU
	EndGlobalSection
	GlobalSection(SolutionProperties) = preSolution
		HideSolutionNode = FALSE
	EndGlobalSection
	GlobalSection(ExtensibilityGlobals) = postSolution
		SolutionGuid = {CAC0DB2F-536B-430C-BE72-2D393A12D488}
	EndGlobalSection
EndGlobal
